
Microsoft Visual Studio Solution File, Format Version 12.00
# Visual Studio Version 16
VisualStudioVersion = 16.0.29102.190
MinimumVisualStudioVersion = 10.0.40219.1
Project("{FAE04EC0-301F-11D3-BF4B-00C04F79EFBC}") = "TestingApp", "TestingApp\TestingApp.csproj", "{1C44766B-5058-4367-A675-1DA15588E511}"
EndProject
Project("{2150E333-8FDC-42A3-9474-1A3956D46DE8}") = "Solution Items", "Solution Items", "{5D06FB30-BD7C-4F92-8547-B8289710B0AD}"
	ProjectSection(SolutionItems) = preProject
		.gitignore = .gitignore
	EndProjectSection
EndProject
Global
	GlobalSection(SolutionConfigurationPlatforms) = preSolution
		Debug|Any CPU = Debug|Any CPU
		Release|Any CPU = Release|Any CPU
	EndGlobalSection
	GlobalSection(ProjectConfigurationPlatforms) = postSolution
		{1C44766B-5058-4367-A675-1DA15588E511}.Debug|Any CPU.ActiveCfg = Debug|Any CPU
		{1C44766B-5058-4367-A675-1DA15588E511}.Debug|Any CPU.Build.0 = Debug|Any CPU
		{1C44766B-5058-4367-A675-1DA15588E511}.Release|Any CPU.ActiveCfg = Release|Any CPU
		{1C44766B-5058-4367-A675-1DA15588E511}.Release|Any CPU.Build.0 = Release|Any CPU
	EndGlobalSection
	GlobalSection(SolutionProperties) = preSolution
		HideSolutionNode = FALSE
	EndGlobalSection
	GlobalSection(ExtensibilityGlobals) = postSolution
		SolutionGuid = {930368D0-B614-4087-B37C-D9ACFF17629E}
	EndGlobalSection
EndGlobal
